// !$*UTF8*$!
{
	archiveVersion = 1;
	classes = {
	};
	objectVersion = 46;
	objects = {

/* Begin PBXAggregateTarget section */
		429B1CBF162EDCEA00578A1C /* all */ = {
			isa = PBXAggregateTarget;
			buildConfigurationList = 429B1CC0162EDCEA00578A1C /* Build configuration list for PBXAggregateTarget "all" */;
			buildPhases = (
			);
			dependencies = (
				4262337917158C4500D3117E /* PBXTargetDependency */,
				42508B12171333510068025D /* PBXTargetDependency */,
				4281FF1616C70C290066610C /* PBXTargetDependency */,
				4281FF0516C70A9E0066610C /* PBXTargetDependency */,
				429B1CC4162EDCFB00578A1C /* PBXTargetDependency */,
				429B1CC6162EDCFB00578A1C /* PBXTargetDependency */,
				429B1CC8162EDCFB00578A1C /* PBXTargetDependency */,
			);
			name = all;
			productName = all;
		};
/* End PBXAggregateTarget section */

/* Begin PBXBuildFile section */
		423FAA5116C29E5400D832FB /* libea.a in Frameworks */ = {isa = PBXBuildFile; fileRef = 429B1C7B162DBA5300578A1C /* libea.a */; };
		423FAA5216C29E5400D832FB /* libmkv.a in Frameworks */ = {isa = PBXBuildFile; fileRef = 429B1C7C162DBA5300578A1C /* libmkv.a */; };
		423FAA5E16C29EE600D832FB /* digital_evolution.cpp in Sources */ = {isa = PBXBuildFile; fileRef = 423FAA5B16C29EC400D832FB /* digital_evolution.cpp */; };
		42508B0A171333410068025D /* libea.a in Frameworks */ = {isa = PBXBuildFile; fileRef = 429B1C7B162DBA5300578A1C /* libea.a */; };
		42508B0B171333410068025D /* libmkv.a in Frameworks */ = {isa = PBXBuildFile; fileRef = 429B1C7C162DBA5300578A1C /* libmkv.a */; };
		42508B15171333850068025D /* qhfc.cpp in Sources */ = {isa = PBXBuildFile; fileRef = 42508B13171333850068025D /* qhfc.cpp */; };
		4262336F17158C2900D3117E /* qhfc.cpp in Sources */ = {isa = PBXBuildFile; fileRef = 42508B13171333850068025D /* qhfc.cpp */; };
		4262337117158C2900D3117E /* libea.a in Frameworks */ = {isa = PBXBuildFile; fileRef = 429B1C7B162DBA5300578A1C /* libea.a */; };
		4262337217158C2900D3117E /* libmkv.a in Frameworks */ = {isa = PBXBuildFile; fileRef = 429B1C7C162DBA5300578A1C /* libmkv.a */; };
		4262337C17158C5F00D3117E /* nsga2.cpp in Sources */ = {isa = PBXBuildFile; fileRef = 4262337A17158C5F00D3117E /* nsga2.cpp */; };
		4281FF0B16C70BF00066610C /* libea.a in Frameworks */ = {isa = PBXBuildFile; fileRef = 429B1C7B162DBA5300578A1C /* libea.a */; };
		4281FF1416C70C1C0066610C /* lod_tracking.cpp in Sources */ = {isa = PBXBuildFile; fileRef = 4281FF1216C70C1C0066610C /* lod_tracking.cpp */; };
		429B1C7D162DBA5300578A1C /* libea.a in Frameworks */ = {isa = PBXBuildFile; fileRef = 429B1C7B162DBA5300578A1C /* libea.a */; };
		429B1C7E162DBA5300578A1C /* libmkv.a in Frameworks */ = {isa = PBXBuildFile; fileRef = 429B1C7C162DBA5300578A1C /* libmkv.a */; };
		429B1C92162ED75E00578A1C /* libea.a in Frameworks */ = {isa = PBXBuildFile; fileRef = 429B1C7B162DBA5300578A1C /* libea.a */; };
		429B1CAC162ED86B00578A1C /* libea.a in Frameworks */ = {isa = PBXBuildFile; fileRef = 429B1C7B162DBA5300578A1C /* libea.a */; };
		429B1CAD162ED86B00578A1C /* libmkv.a in Frameworks */ = {isa = PBXBuildFile; fileRef = 429B1C7C162DBA5300578A1C /* libmkv.a */; };
		429B1CBA162ED88F00578A1C /* meta_population.cpp in Sources */ = {isa = PBXBuildFile; fileRef = 429B1CA7162ED84E00578A1C /* meta_population.cpp */; };
		429B1CBB162ED89800578A1C /* all_ones.cpp in Sources */ = {isa = PBXBuildFile; fileRef = 429B1CA6162ED84E00578A1C /* all_ones.cpp */; };
		429B1CBC162ED89C00578A1C /* markov_network.cpp in Sources */ = {isa = PBXBuildFile; fileRef = 429B1CA8162ED84E00578A1C /* markov_network.cpp */; };
/* End PBXBuildFile section */

/* Begin PBXContainerItemProxy section */
		42508B11171333510068025D /* PBXContainerItemProxy */ = {
			isa = PBXContainerItemProxy;
			containerPortal = 429B1C41162DB8DE00578A1C /* Project object */;
			proxyType = 1;
			remoteGlobalIDString = 42508B06171333410068025D;
			remoteInfo = qhfc;
		};
		4262337817158C4500D3117E /* PBXContainerItemProxy */ = {
			isa = PBXContainerItemProxy;
			containerPortal = 429B1C41162DB8DE00578A1C /* Project object */;
			proxyType = 1;
			remoteGlobalIDString = 4262336D17158C2900D3117E;
			remoteInfo = nsga2;
		};
		4281FF0416C70A9E0066610C /* PBXContainerItemProxy */ = {
			isa = PBXContainerItemProxy;
			containerPortal = 429B1C41162DB8DE00578A1C /* Project object */;
			proxyType = 1;
			remoteGlobalIDString = 423FAA4D16C29E5400D832FB;
			remoteInfo = digital_evolution;
		};
		4281FF1516C70C290066610C /* PBXContainerItemProxy */ = {
			isa = PBXContainerItemProxy;
			containerPortal = 429B1C41162DB8DE00578A1C /* Project object */;
			proxyType = 1;
			remoteGlobalIDString = 4281FF0716C70BF00066610C;
			remoteInfo = lod_tracking;
		};
		429B1CC3162EDCFB00578A1C /* PBXContainerItemProxy */ = {
			isa = PBXContainerItemProxy;
			containerPortal = 429B1C41162DB8DE00578A1C /* Project object */;
			proxyType = 1;
			remoteGlobalIDString = 429B1C49162DB8DF00578A1C;
			remoteInfo = mkv;
		};
		429B1CC5162EDCFB00578A1C /* PBXContainerItemProxy */ = {
			isa = PBXContainerItemProxy;
			containerPortal = 429B1C41162DB8DE00578A1C /* Project object */;
			proxyType = 1;
			remoteGlobalIDString = 429B1C8E162ED75E00578A1C;
			remoteInfo = all_ones;
		};
		429B1CC7162EDCFB00578A1C /* PBXContainerItemProxy */ = {
			isa = PBXContainerItemProxy;
			containerPortal = 429B1C41162DB8DE00578A1C /* Project object */;
			proxyType = 1;
			remoteGlobalIDString = 429B1CA9162ED86B00578A1C;
			remoteInfo = meta_population;
		};
/* End PBXContainerItemProxy section */

/* Begin PBXCopyFilesBuildPhase section */
		423FAA5316C29E5400D832FB /* CopyFiles */ = {
			isa = PBXCopyFilesBuildPhase;
			buildActionMask = 2147483647;
			dstPath = /usr/share/man/man1/;
			dstSubfolderSpec = 0;
			files = (
			);
			runOnlyForDeploymentPostprocessing = 1;
		};
		42508B0C171333410068025D /* CopyFiles */ = {
			isa = PBXCopyFilesBuildPhase;
			buildActionMask = 2147483647;
			dstPath = /usr/share/man/man1/;
			dstSubfolderSpec = 0;
			files = (
			);
			runOnlyForDeploymentPostprocessing = 1;
		};
		4262337317158C2900D3117E /* CopyFiles */ = {
			isa = PBXCopyFilesBuildPhase;
			buildActionMask = 2147483647;
			dstPath = /usr/share/man/man1/;
			dstSubfolderSpec = 0;
			files = (
			);
			runOnlyForDeploymentPostprocessing = 1;
		};
		4281FF0C16C70BF00066610C /* CopyFiles */ = {
			isa = PBXCopyFilesBuildPhase;
			buildActionMask = 2147483647;
			dstPath = /usr/share/man/man1/;
			dstSubfolderSpec = 0;
			files = (
			);
			runOnlyForDeploymentPostprocessing = 1;
		};
		429B1C48162DB8DF00578A1C /* CopyFiles */ = {
			isa = PBXCopyFilesBuildPhase;
			buildActionMask = 2147483647;
			dstPath = /usr/share/man/man1/;
			dstSubfolderSpec = 0;
			files = (
			);
			runOnlyForDeploymentPostprocessing = 1;
		};
		429B1C9A162ED75E00578A1C /* CopyFiles */ = {
			isa = PBXCopyFilesBuildPhase;
			buildActionMask = 2147483647;
			dstPath = /usr/share/man/man1/;
			dstSubfolderSpec = 0;
			files = (
			);
			runOnlyForDeploymentPostprocessing = 1;
		};
		429B1CB4162ED86B00578A1C /* CopyFiles */ = {
			isa = PBXCopyFilesBuildPhase;
			buildActionMask = 2147483647;
			dstPath = /usr/share/man/man1/;
			dstSubfolderSpec = 0;
			files = (
			);
			runOnlyForDeploymentPostprocessing = 1;
		};
/* End PBXCopyFilesBuildPhase section */

/* Begin PBXFileReference section */
		423FAA5716C29E5400D832FB /* digital_evolution */ = {isa = PBXFileReference; explicitFileType = "compiled.mach-o.executable"; includeInIndex = 0; path = digital_evolution; sourceTree = BUILT_PRODUCTS_DIR; };
		423FAA5A16C29EB800D832FB /* digital_evolution.cfg */ = {isa = PBXFileReference; lastKnownFileType = text; path = digital_evolution.cfg; sourceTree = "<group>"; };
		423FAA5B16C29EC400D832FB /* digital_evolution.cpp */ = {isa = PBXFileReference; fileEncoding = 4; lastKnownFileType = sourcecode.cpp.cpp; path = digital_evolution.cpp; sourceTree = "<group>"; };
		42508B10171333410068025D /* qhfc */ = {isa = PBXFileReference; explicitFileType = "compiled.mach-o.executable"; includeInIndex = 0; path = qhfc; sourceTree = BUILT_PRODUCTS_DIR; };
		42508B13171333850068025D /* qhfc.cpp */ = {isa = PBXFileReference; fileEncoding = 4; lastKnownFileType = sourcecode.cpp.cpp; path = qhfc.cpp; sourceTree = "<group>"; };
		42508B16171336330068025D /* qhfc.cfg */ = {isa = PBXFileReference; lastKnownFileType = text; path = qhfc.cfg; sourceTree = "<group>"; };
		4262337717158C2900D3117E /* nsga2 */ = {isa = PBXFileReference; explicitFileType = "compiled.mach-o.executable"; includeInIndex = 0; path = nsga2; sourceTree = BUILT_PRODUCTS_DIR; };
		4262337A17158C5F00D3117E /* nsga2.cpp */ = {isa = PBXFileReference; fileEncoding = 4; lastKnownFileType = sourcecode.cpp.cpp; path = nsga2.cpp; sourceTree = "<group>"; };
		4281FF1016C70BF00066610C /* lod_tracking */ = {isa = PBXFileReference; explicitFileType = "compiled.mach-o.executable"; includeInIndex = 0; path = lod_tracking; sourceTree = BUILT_PRODUCTS_DIR; };
		4281FF1216C70C1C0066610C /* lod_tracking.cpp */ = {isa = PBXFileReference; fileEncoding = 4; lastKnownFileType = sourcecode.cpp.cpp; path = lod_tracking.cpp; sourceTree = "<group>"; };
		429B1C4A162DB8DF00578A1C /* markov_network */ = {isa = PBXFileReference; explicitFileType = "compiled.mach-o.executable"; includeInIndex = 0; path = markov_network; sourceTree = BUILT_PRODUCTS_DIR; };
		429B1C5D162DB94800578A1C /* all_ones.cfg */ = {isa = PBXFileReference; fileEncoding = 4; lastKnownFileType = text; path = all_ones.cfg; sourceTree = "<group>"; };
		429B1C5E162DB94800578A1C /* template.xcconfig */ = {isa = PBXFileReference; fileEncoding = 4; lastKnownFileType = text.xcconfig; path = template.xcconfig; sourceTree = "<group>"; };
		429B1C7B162DBA5300578A1C /* libea.a */ = {isa = PBXFileReference; lastKnownFileType = archive.ar; name = libea.a; path = ../DerivedData/research/Build/Products/Debug/libea.a; sourceTree = "<group>"; };
		429B1C7C162DBA5300578A1C /* libmkv.a */ = {isa = PBXFileReference; lastKnownFileType = archive.ar; name = libmkv.a; path = ../DerivedData/research/Build/Products/Debug/libmkv.a; sourceTree = "<group>"; };
		429B1C8D162ED68500578A1C /* Jamroot */ = {isa = PBXFileReference; lastKnownFileType = text; path = Jamroot; sourceTree = "<group>"; };
		429B1C9E162ED75E00578A1C /* all_ones */ = {isa = PBXFileReference; explicitFileType = "compiled.mach-o.executable"; includeInIndex = 0; path = all_ones; sourceTree = BUILT_PRODUCTS_DIR; };
		429B1CA6162ED84E00578A1C /* all_ones.cpp */ = {isa = PBXFileReference; lastKnownFileType = sourcecode.cpp.cpp; path = all_ones.cpp; sourceTree = "<group>"; };
		429B1CA7162ED84E00578A1C /* meta_population.cpp */ = {isa = PBXFileReference; lastKnownFileType = sourcecode.cpp.cpp; path = meta_population.cpp; sourceTree = "<group>"; };
		429B1CA8162ED84E00578A1C /* markov_network.cpp */ = {isa = PBXFileReference; lastKnownFileType = sourcecode.cpp.cpp; path = markov_network.cpp; sourceTree = "<group>"; };
		429B1CB8162ED86B00578A1C /* meta_population */ = {isa = PBXFileReference; explicitFileType = "compiled.mach-o.executable"; includeInIndex = 0; path = meta_population; sourceTree = BUILT_PRODUCTS_DIR; };
		429B1CC9162EE0EC00578A1C /* meta_population.cfg */ = {isa = PBXFileReference; lastKnownFileType = text; path = meta_population.cfg; sourceTree = "<group>"; };
		429B1CCA162EE0EC00578A1C /* markov_network.cfg */ = {isa = PBXFileReference; lastKnownFileType = text; path = markov_network.cfg; sourceTree = "<group>"; };
		429B1CD1162EE63900578A1C /* README.md */ = {isa = PBXFileReference; lastKnownFileType = text; path = README.md; sourceTree = "<group>"; };
/* End PBXFileReference section */

/* Begin PBXFrameworksBuildPhase section */
		423FAA5016C29E5400D832FB /* Frameworks */ = {
			isa = PBXFrameworksBuildPhase;
			buildActionMask = 2147483647;
			files = (
				423FAA5116C29E5400D832FB /* libea.a in Frameworks */,
				423FAA5216C29E5400D832FB /* libmkv.a in Frameworks */,
			);
			runOnlyForDeploymentPostprocessing = 0;
		};
		42508B09171333410068025D /* Frameworks */ = {
			isa = PBXFrameworksBuildPhase;
			buildActionMask = 2147483647;
			files = (
				42508B0A171333410068025D /* libea.a in Frameworks */,
				42508B0B171333410068025D /* libmkv.a in Frameworks */,
			);
			runOnlyForDeploymentPostprocessing = 0;
		};
		4262337017158C2900D3117E /* Frameworks */ = {
			isa = PBXFrameworksBuildPhase;
			buildActionMask = 2147483647;
			files = (
				4262337117158C2900D3117E /* libea.a in Frameworks */,
				4262337217158C2900D3117E /* libmkv.a in Frameworks */,
			);
			runOnlyForDeploymentPostprocessing = 0;
		};
		4281FF0A16C70BF00066610C /* Frameworks */ = {
			isa = PBXFrameworksBuildPhase;
			buildActionMask = 2147483647;
			files = (
				4281FF0B16C70BF00066610C /* libea.a in Frameworks */,
			);
			runOnlyForDeploymentPostprocessing = 0;
		};
		429B1C47162DB8DF00578A1C /* Frameworks */ = {
			isa = PBXFrameworksBuildPhase;
			buildActionMask = 2147483647;
			files = (
				429B1C7D162DBA5300578A1C /* libea.a in Frameworks */,
				429B1C7E162DBA5300578A1C /* libmkv.a in Frameworks */,
			);
			runOnlyForDeploymentPostprocessing = 0;
		};
		429B1C91162ED75E00578A1C /* Frameworks */ = {
			isa = PBXFrameworksBuildPhase;
			buildActionMask = 2147483647;
			files = (
				429B1C92162ED75E00578A1C /* libea.a in Frameworks */,
			);
			runOnlyForDeploymentPostprocessing = 0;
		};
		429B1CAB162ED86B00578A1C /* Frameworks */ = {
			isa = PBXFrameworksBuildPhase;
			buildActionMask = 2147483647;
			files = (
				429B1CAC162ED86B00578A1C /* libea.a in Frameworks */,
				429B1CAD162ED86B00578A1C /* libmkv.a in Frameworks */,
			);
			runOnlyForDeploymentPostprocessing = 0;
		};
/* End PBXFrameworksBuildPhase section */

/* Begin PBXGroup section */
		429B1C3F162DB8DE00578A1C = {
			isa = PBXGroup;
			children = (
				429B1C8D162ED68500578A1C /* Jamroot */,
				429B1CD1162EE63900578A1C /* README.md */,
				429B1C5C162DB94800578A1C /* etc */,
				429B1C80162DBAB700578A1C /* lib */,
				429B1C5F162DB94800578A1C /* src */,
				429B1C4B162DB8DF00578A1C /* Products */,
			);
			sourceTree = "<group>";
		};
		429B1C4B162DB8DF00578A1C /* Products */ = {
			isa = PBXGroup;
			children = (
				429B1C4A162DB8DF00578A1C /* markov_network */,
				429B1C9E162ED75E00578A1C /* all_ones */,
				429B1CB8162ED86B00578A1C /* meta_population */,
				423FAA5716C29E5400D832FB /* digital_evolution */,
				4281FF1016C70BF00066610C /* lod_tracking */,
				42508B10171333410068025D /* qhfc */,
				4262337717158C2900D3117E /* nsga2 */,
			);
			name = Products;
			sourceTree = "<group>";
		};
		429B1C5C162DB94800578A1C /* etc */ = {
			isa = PBXGroup;
			children = (
				429B1C5D162DB94800578A1C /* all_ones.cfg */,
				423FAA5A16C29EB800D832FB /* digital_evolution.cfg */,
				429B1CC9162EE0EC00578A1C /* meta_population.cfg */,
				429B1CCA162EE0EC00578A1C /* markov_network.cfg */,
				42508B16171336330068025D /* qhfc.cfg */,
				429B1C5E162DB94800578A1C /* template.xcconfig */,
			);
			path = etc;
			sourceTree = "<group>";
		};
		429B1C5F162DB94800578A1C /* src */ = {
			isa = PBXGroup;
			children = (
				429B1CA6162ED84E00578A1C /* all_ones.cpp */,
				4281FF1216C70C1C0066610C /* lod_tracking.cpp */,
				429B1CA7162ED84E00578A1C /* meta_population.cpp */,
				429B1CA8162ED84E00578A1C /* markov_network.cpp */,
				423FAA5B16C29EC400D832FB /* digital_evolution.cpp */,
				42508B13171333850068025D /* qhfc.cpp */,
				4262337A17158C5F00D3117E /* nsga2.cpp */,
			);
			path = src;
			sourceTree = "<group>";
		};
		429B1C80162DBAB700578A1C /* lib */ = {
			isa = PBXGroup;
			children = (
				429B1C7B162DBA5300578A1C /* libea.a */,
				429B1C7C162DBA5300578A1C /* libmkv.a */,
			);
			name = lib;
			sourceTree = "<group>";
		};
/* End PBXGroup section */

/* Begin PBXNativeTarget section */
		423FAA4D16C29E5400D832FB /* digital_evolution */ = {
			isa = PBXNativeTarget;
			buildConfigurationList = 423FAA5416C29E5400D832FB /* Build configuration list for PBXNativeTarget "digital_evolution" */;
			buildPhases = (
				423FAA4E16C29E5400D832FB /* Sources */,
				423FAA5016C29E5400D832FB /* Frameworks */,
				423FAA5316C29E5400D832FB /* CopyFiles */,
			);
			buildRules = (
			);
			dependencies = (
			);
			name = digital_evolution;
			productName = template;
			productReference = 423FAA5716C29E5400D832FB /* digital_evolution */;
			productType = "com.apple.product-type.tool";
		};
		42508B06171333410068025D /* qhfc */ = {
			isa = PBXNativeTarget;
			buildConfigurationList = 42508B0D171333410068025D /* Build configuration list for PBXNativeTarget "qhfc" */;
			buildPhases = (
				42508B07171333410068025D /* Sources */,
				42508B09171333410068025D /* Frameworks */,
				42508B0C171333410068025D /* CopyFiles */,
			);
			buildRules = (
			);
			dependencies = (
			);
			name = qhfc;
			productName = template;
			productReference = 42508B10171333410068025D /* qhfc */;
			productType = "com.apple.product-type.tool";
		};
		4262336D17158C2900D3117E /* nsga2 */ = {
			isa = PBXNativeTarget;
			buildConfigurationList = 4262337417158C2900D3117E /* Build configuration list for PBXNativeTarget "nsga2" */;
			buildPhases = (
				4262336E17158C2900D3117E /* Sources */,
				4262337017158C2900D3117E /* Frameworks */,
				4262337317158C2900D3117E /* CopyFiles */,
			);
			buildRules = (
			);
			dependencies = (
			);
			name = nsga2;
			productName = template;
			productReference = 4262337717158C2900D3117E /* nsga2 */;
			productType = "com.apple.product-type.tool";
		};
		4281FF0716C70BF00066610C /* lod_tracking */ = {
			isa = PBXNativeTarget;
			buildConfigurationList = 4281FF0D16C70BF00066610C /* Build configuration list for PBXNativeTarget "lod_tracking" */;
			buildPhases = (
				4281FF0816C70BF00066610C /* Sources */,
				4281FF0A16C70BF00066610C /* Frameworks */,
				4281FF0C16C70BF00066610C /* CopyFiles */,
			);
			buildRules = (
			);
			dependencies = (
			);
			name = lod_tracking;
			productName = template;
			productReference = 4281FF1016C70BF00066610C /* lod_tracking */;
			productType = "com.apple.product-type.tool";
		};
		429B1C49162DB8DF00578A1C /* markov_network */ = {
			isa = PBXNativeTarget;
			buildConfigurationList = 429B1C54162DB8DF00578A1C /* Build configuration list for PBXNativeTarget "markov_network" */;
			buildPhases = (
				429B1C46162DB8DF00578A1C /* Sources */,
				429B1C47162DB8DF00578A1C /* Frameworks */,
				429B1C48162DB8DF00578A1C /* CopyFiles */,
			);
			buildRules = (
			);
			dependencies = (
			);
			name = markov_network;
			productName = template;
			productReference = 429B1C4A162DB8DF00578A1C /* markov_network */;
			productType = "com.apple.product-type.tool";
		};
		429B1C8E162ED75E00578A1C /* all_ones */ = {
			isa = PBXNativeTarget;
			buildConfigurationList = 429B1C9B162ED75E00578A1C /* Build configuration list for PBXNativeTarget "all_ones" */;
			buildPhases = (
				429B1C8F162ED75E00578A1C /* Sources */,
				429B1C91162ED75E00578A1C /* Frameworks */,
				429B1C9A162ED75E00578A1C /* CopyFiles */,
			);
			buildRules = (
			);
			dependencies = (
			);
			name = all_ones;
			productName = template;
			productReference = 429B1C9E162ED75E00578A1C /* all_ones */;
			productType = "com.apple.product-type.tool";
		};
		429B1CA9162ED86B00578A1C /* meta_population */ = {
			isa = PBXNativeTarget;
			buildConfigurationList = 429B1CB5162ED86B00578A1C /* Build configuration list for PBXNativeTarget "meta_population" */;
			buildPhases = (
				429B1CAA162ED86B00578A1C /* Sources */,
				429B1CAB162ED86B00578A1C /* Frameworks */,
				429B1CB4162ED86B00578A1C /* CopyFiles */,
			);
			buildRules = (
			);
			dependencies = (
			);
			name = meta_population;
			productName = template;
			productReference = 429B1CB8162ED86B00578A1C /* meta_population */;
			productType = "com.apple.product-type.tool";
		};
/* End PBXNativeTarget section */

/* Begin PBXProject section */
		429B1C41162DB8DE00578A1C /* Project object */ = {
			isa = PBXProject;
			attributes = {
				LastUpgradeCheck = 0450;
				ORGANIZATIONNAME = "Dave Knoester";
			};
			buildConfigurationList = 429B1C44162DB8DE00578A1C /* Build configuration list for PBXProject "examples" */;
			compatibilityVersion = "Xcode 3.2";
			developmentRegion = English;
			hasScannedForEncodings = 0;
			knownRegions = (
				en,
			);
			mainGroup = 429B1C3F162DB8DE00578A1C;
			productRefGroup = 429B1C4B162DB8DF00578A1C /* Products */;
			projectDirPath = "";
			projectRoot = "";
			targets = (
				429B1C49162DB8DF00578A1C /* markov_network */,
				429B1C8E162ED75E00578A1C /* all_ones */,
				429B1CA9162ED86B00578A1C /* meta_population */,
				423FAA4D16C29E5400D832FB /* digital_evolution */,
				4281FF0716C70BF00066610C /* lod_tracking */,
				42508B06171333410068025D /* qhfc */,
				4262336D17158C2900D3117E /* nsga2 */,
				429B1CBF162EDCEA00578A1C /* all */,
			);
		};
/* End PBXProject section */

/* Begin PBXSourcesBuildPhase section */
		423FAA4E16C29E5400D832FB /* Sources */ = {
			isa = PBXSourcesBuildPhase;
			buildActionMask = 2147483647;
			files = (
				423FAA5E16C29EE600D832FB /* digital_evolution.cpp in Sources */,
			);
			runOnlyForDeploymentPostprocessing = 0;
		};
		42508B07171333410068025D /* Sources */ = {
			isa = PBXSourcesBuildPhase;
			buildActionMask = 2147483647;
			files = (
				42508B15171333850068025D /* qhfc.cpp in Sources */,
			);
			runOnlyForDeploymentPostprocessing = 0;
		};
		4262336E17158C2900D3117E /* Sources */ = {
			isa = PBXSourcesBuildPhase;
			buildActionMask = 2147483647;
			files = (
				4262336F17158C2900D3117E /* qhfc.cpp in Sources */,
				4262337C17158C5F00D3117E /* nsga2.cpp in Sources */,
			);
			runOnlyForDeploymentPostprocessing = 0;
		};
		4281FF0816C70BF00066610C /* Sources */ = {
			isa = PBXSourcesBuildPhase;
			buildActionMask = 2147483647;
			files = (
				4281FF1416C70C1C0066610C /* lod_tracking.cpp in Sources */,
			);
			runOnlyForDeploymentPostprocessing = 0;
		};
		429B1C46162DB8DF00578A1C /* Sources */ = {
			isa = PBXSourcesBuildPhase;
			buildActionMask = 2147483647;
			files = (
				429B1CBC162ED89C00578A1C /* markov_network.cpp in Sources */,
			);
			runOnlyForDeploymentPostprocessing = 0;
		};
		429B1C8F162ED75E00578A1C /* Sources */ = {
			isa = PBXSourcesBuildPhase;
			buildActionMask = 2147483647;
			files = (
				429B1CBB162ED89800578A1C /* all_ones.cpp in Sources */,
			);
			runOnlyForDeploymentPostprocessing = 0;
		};
		429B1CAA162ED86B00578A1C /* Sources */ = {
			isa = PBXSourcesBuildPhase;
			buildActionMask = 2147483647;
			files = (
				429B1CBA162ED88F00578A1C /* meta_population.cpp in Sources */,
			);
			runOnlyForDeploymentPostprocessing = 0;
		};
/* End PBXSourcesBuildPhase section */

/* Begin PBXTargetDependency section */
		42508B12171333510068025D /* PBXTargetDependency */ = {
			isa = PBXTargetDependency;
			target = 42508B06171333410068025D /* qhfc */;
			targetProxy = 42508B11171333510068025D /* PBXContainerItemProxy */;
		};
		4262337917158C4500D3117E /* PBXTargetDependency */ = {
			isa = PBXTargetDependency;
			target = 4262336D17158C2900D3117E /* nsga2 */;
			targetProxy = 4262337817158C4500D3117E /* PBXContainerItemProxy */;
		};
		4281FF0516C70A9E0066610C /* PBXTargetDependency */ = {
			isa = PBXTargetDependency;
			target = 423FAA4D16C29E5400D832FB /* digital_evolution */;
			targetProxy = 4281FF0416C70A9E0066610C /* PBXContainerItemProxy */;
		};
		4281FF1616C70C290066610C /* PBXTargetDependency */ = {
			isa = PBXTargetDependency;
			target = 4281FF0716C70BF00066610C /* lod_tracking */;
			targetProxy = 4281FF1516C70C290066610C /* PBXContainerItemProxy */;
		};
		429B1CC4162EDCFB00578A1C /* PBXTargetDependency */ = {
			isa = PBXTargetDependency;
			target = 429B1C49162DB8DF00578A1C /* markov_network */;
			targetProxy = 429B1CC3162EDCFB00578A1C /* PBXContainerItemProxy */;
		};
		429B1CC6162EDCFB00578A1C /* PBXTargetDependency */ = {
			isa = PBXTargetDependency;
			target = 429B1C8E162ED75E00578A1C /* all_ones */;
			targetProxy = 429B1CC5162EDCFB00578A1C /* PBXContainerItemProxy */;
		};
		429B1CC8162EDCFB00578A1C /* PBXTargetDependency */ = {
			isa = PBXTargetDependency;
			target = 429B1CA9162ED86B00578A1C /* meta_population */;
			targetProxy = 429B1CC7162EDCFB00578A1C /* PBXContainerItemProxy */;
		};
/* End PBXTargetDependency section */

/* Begin XCBuildConfiguration section */
		423FAA5516C29E5400D832FB /* Debug */ = {
			isa = XCBuildConfiguration;
			buildSettings = {
				LIBRARY_SEARCH_PATHS = (
					"$(inherited)",
					"\"$(SRCROOT)/../DerivedData/research/Build/Products/Debug\"",
				);
				PRODUCT_NAME = $TARGET_NAME;
			};
			name = Debug;
		};
		423FAA5616C29E5400D832FB /* Release */ = {
			isa = XCBuildConfiguration;
			buildSettings = {
				LIBRARY_SEARCH_PATHS = (
					"$(inherited)",
					"\"$(SRCROOT)/../DerivedData/research/Build/Products/Debug\"",
				);
				PRODUCT_NAME = $TARGET_NAME;
			};
			name = Release;
		};
		42508B0E171333410068025D /* Debug */ = {
			isa = XCBuildConfiguration;
			buildSettings = {
				LIBRARY_SEARCH_PATHS = (
					"$(inherited)",
					"\"$(SRCROOT)/../DerivedData/research/Build/Products/Debug\"",
				);
				PRODUCT_NAME = $TARGET_NAME;
			};
			name = Debug;
		};
		42508B0F171333410068025D /* Release */ = {
			isa = XCBuildConfiguration;
			buildSettings = {
				LIBRARY_SEARCH_PATHS = (
					"$(inherited)",
					"\"$(SRCROOT)/../DerivedData/research/Build/Products/Debug\"",
				);
				PRODUCT_NAME = $TARGET_NAME;
			};
			name = Release;
		};
		4262337517158C2900D3117E /* Debug */ = {
			isa = XCBuildConfiguration;
			buildSettings = {
				LIBRARY_SEARCH_PATHS = (
					"$(inherited)",
					"\"$(SRCROOT)/../DerivedData/research/Build/Products/Debug\"",
				);
				PRODUCT_NAME = $TARGET_NAME;
			};
			name = Debug;
		};
		4262337617158C2900D3117E /* Release */ = {
			isa = XCBuildConfiguration;
			buildSettings = {
				LIBRARY_SEARCH_PATHS = (
					"$(inherited)",
					"\"$(SRCROOT)/../DerivedData/research/Build/Products/Debug\"",
				);
				PRODUCT_NAME = $TARGET_NAME;
			};
			name = Release;
		};
		4281FF0E16C70BF00066610C /* Debug */ = {
			isa = XCBuildConfiguration;
			buildSettings = {
				PRODUCT_NAME = $TARGET_NAME;
			};
			name = Debug;
		};
		4281FF0F16C70BF00066610C /* Release */ = {
			isa = XCBuildConfiguration;
			buildSettings = {
				PRODUCT_NAME = $TARGET_NAME;
			};
			name = Release;
		};
		429B1C52162DB8DF00578A1C /* Debug */ = {
			isa = XCBuildConfiguration;
			baseConfigurationReference = 429B1C5E162DB94800578A1C /* template.xcconfig */;
			buildSettings = {
				ALWAYS_SEARCH_USER_PATHS = NO;
				ARCHS = "$(ARCHS_STANDARD_64_BIT)";
				CLANG_WARN_EMPTY_BODY = YES;
				CLANG_WARN__DUPLICATE_METHOD_MATCH = YES;
				COPY_PHASE_STRIP = NO;
				GCC_DYNAMIC_NO_PIC = NO;
				GCC_ENABLE_OBJC_EXCEPTIONS = YES;
				GCC_OPTIMIZATION_LEVEL = 0;
				GCC_PREPROCESSOR_DEFINITIONS = (
					"DEBUG=1",
					"$(inherited)",
				);
				MACOSX_DEPLOYMENT_TARGET = 10.7;
				ONLY_ACTIVE_ARCH = YES;
				SDKROOT = macosx;
			};
			name = Debug;
		};
		429B1C53162DB8DF00578A1C /* Release */ = {
			isa = XCBuildConfiguration;
			baseConfigurationReference = 429B1C5E162DB94800578A1C /* template.xcconfig */;
			buildSettings = {
				ALWAYS_SEARCH_USER_PATHS = NO;
				ARCHS = "$(ARCHS_STANDARD_64_BIT)";
				CLANG_WARN_EMPTY_BODY = YES;
				CLANG_WARN__DUPLICATE_METHOD_MATCH = YES;
				COPY_PHASE_STRIP = YES;
				DEBUG_INFORMATION_FORMAT = "dwarf-with-dsym";
				GCC_ENABLE_OBJC_EXCEPTIONS = YES;
				MACOSX_DEPLOYMENT_TARGET = 10.7;
				SDKROOT = macosx;
			};
			name = Release;
		};
		429B1C55162DB8DF00578A1C /* Debug */ = {
			isa = XCBuildConfiguration;
			buildSettings = {
				LIBRARY_SEARCH_PATHS = (
					"$(inherited)",
					"\"$(SRCROOT)/../DerivedData/research/Build/Products/Debug\"",
				);
				PRODUCT_NAME = markov_network;
			};
			name = Debug;
		};
		429B1C56162DB8DF00578A1C /* Release */ = {
			isa = XCBuildConfiguration;
			buildSettings = {
				LIBRARY_SEARCH_PATHS = (
					"$(inherited)",
					"\"$(SRCROOT)/../DerivedData/research/Build/Products/Debug\"",
				);
				PRODUCT_NAME = markov_network;
			};
			name = Release;
		};
		429B1C9C162ED75E00578A1C /* Debug */ = {
			isa = XCBuildConfiguration;
			buildSettings = {
				PRODUCT_NAME = all_ones;
			};
			name = Debug;
		};
		429B1C9D162ED75E00578A1C /* Release */ = {
			isa = XCBuildConfiguration;
			buildSettings = {
				PRODUCT_NAME = all_ones;
			};
			name = Release;
		};
		429B1CB6162ED86B00578A1C /* Debug */ = {
			isa = XCBuildConfiguration;
			buildSettings = {
				LIBRARY_SEARCH_PATHS = (
					"$(inherited)",
					"\"$(SRCROOT)/../DerivedData/research/Build/Products/Debug\"",
				);
				PRODUCT_NAME = meta_population;
			};
			name = Debug;
		};
		429B1CB7162ED86B00578A1C /* Release */ = {
			isa = XCBuildConfiguration;
			buildSettings = {
				LIBRARY_SEARCH_PATHS = (
					"$(inherited)",
					"\"$(SRCROOT)/../DerivedData/research/Build/Products/Debug\"",
				);
				PRODUCT_NAME = meta_population;
			};
			name = Release;
		};
		429B1CC1162EDCEA00578A1C /* Debug */ = {
			isa = XCBuildConfiguration;
			buildSettings = {
				PRODUCT_NAME = "$(TARGET_NAME)";
			};
			name = Debug;
		};
		429B1CC2162EDCEA00578A1C /* Release */ = {
			isa = XCBuildConfiguration;
			buildSettings = {
				PRODUCT_NAME = "$(TARGET_NAME)";
			};
			name = Release;
		};
/* End XCBuildConfiguration section */

/* Begin XCConfigurationList section */
		423FAA5416C29E5400D832FB /* Build configuration list for PBXNativeTarget "digital_evolution" */ = {
			isa = XCConfigurationList;
			buildConfigurations = (
				423FAA5516C29E5400D832FB /* Debug */,
				423FAA5616C29E5400D832FB /* Release */,
			);
			defaultConfigurationIsVisible = 0;
			defaultConfigurationName = Release;
		};
		42508B0D171333410068025D /* Build configuration list for PBXNativeTarget "qhfc" */ = {
			isa = XCConfigurationList;
			buildConfigurations = (
				42508B0E171333410068025D /* Debug */,
				42508B0F171333410068025D /* Release */,
			);
			defaultConfigurationIsVisible = 0;
			defaultConfigurationName = Release;
		};
		4262337417158C2900D3117E /* Build configuration list for PBXNativeTarget "nsga2" */ = {
			isa = XCConfigurationList;
			buildConfigurations = (
				4262337517158C2900D3117E /* Debug */,
				4262337617158C2900D3117E /* Release */,
			);
			defaultConfigurationIsVisible = 0;
			defaultConfigurationName = Release;
		};
		4281FF0D16C70BF00066610C /* Build configuration list for PBXNativeTarget "lod_tracking" */ = {
			isa = XCConfigurationList;
			buildConfigurations = (
				4281FF0E16C70BF00066610C /* Debug */,
				4281FF0F16C70BF00066610C /* Release */,
			);
			defaultConfigurationIsVisible = 0;
			defaultConfigurationName = Release;
		};
		429B1C44162DB8DE00578A1C /* Build configuration list for PBXProject "examples" */ = {
			isa = XCConfigurationList;
			buildConfigurations = (
				429B1C52162DB8DF00578A1C /* Debug */,
				429B1C53162DB8DF00578A1C /* Release */,
			);
			defaultConfigurationIsVisible = 0;
			defaultConfigurationName = Release;
		};
		429B1C54162DB8DF00578A1C /* Build configuration list for PBXNativeTarget "markov_network" */ = {
			isa = XCConfigurationList;
			buildConfigurations = (
				429B1C55162DB8DF00578A1C /* Debug */,
				429B1C56162DB8DF00578A1C /* Release */,
			);
			defaultConfigurationIsVisible = 0;
			defaultConfigurationName = Release;
		};
		429B1C9B162ED75E00578A1C /* Build configuration list for PBXNativeTarget "all_ones" */ = {
			isa = XCConfigurationList;
			buildConfigurations = (
				429B1C9C162ED75E00578A1C /* Debug */,
				429B1C9D162ED75E00578A1C /* Release */,
			);
			defaultConfigurationIsVisible = 0;
			defaultConfigurationName = Release;
		};
		429B1CB5162ED86B00578A1C /* Build configuration list for PBXNativeTarget "meta_population" */ = {
			isa = XCConfigurationList;
			buildConfigurations = (
				429B1CB6162ED86B00578A1C /* Debug */,
				429B1CB7162ED86B00578A1C /* Release */,
			);
			defaultConfigurationIsVisible = 0;
			defaultConfigurationName = Release;
		};
		429B1CC0162EDCEA00578A1C /* Build configuration list for PBXAggregateTarget "all" */ = {
			isa = XCConfigurationList;
			buildConfigurations = (
				429B1CC1162EDCEA00578A1C /* Debug */,
				429B1CC2162EDCEA00578A1C /* Release */,
			);
			defaultConfigurationIsVisible = 0;
			defaultConfigurationName = Release;
		};
/* End XCConfigurationList section */
	};
	rootObject = 429B1C41162DB8DE00578A1C /* Project object */;
}
